<?xml version="1.0" encoding="utf-8"?>
<Project ToolsVersion="4.0" xmlns="http://schemas.microsoft.com/developer/msbuild/2003">
  <ItemGroup>
    <Filter Include="소스 파일">
      <UniqueIdentifier>{4FC737F1-C7A5-4376-A066-2A32D752A2FF}</UniqueIdentifier>
      <Extensions>cpp;c;cc;cxx;c++;cppm;ixx;def;odl;idl;hpj;bat;asm;asmx</Extensions>
    </Filter>
    <Filter Include="헤더 파일">
      <UniqueIdentifier>{93995380-89BD-4b04-88EB-625FBE52EBFB}</UniqueIdentifier>
      <Extensions>h;hh;hpp;hxx;h++;hm;inl;inc;ipp;xsd</Extensions>
    </Filter>
    <Filter Include="리소스 파일">
      <UniqueIdentifier>{67DA6AB6-F800-4c08-8B7A-83BB121AAD01}</UniqueIdentifier>
      <Extensions>rc;ico;cur;bmp;dlg;rc2;rct;bin;rgs;gif;jpg;jpeg;jpe;resx;tiff;tif;png;wav;mfcribbon-ms</Extensions>
    </Filter>
    <Filter Include="bullet">
      <UniqueIdentifier>{c7bddcbb-322e-48df-9e9c-216baca6ae4d}</UniqueIdentifier>
    </Filter>
    <Filter Include="core">
      <UniqueIdentifier>{12943002-86e2-4fe5-afdf-81543eeb1f69}</UniqueIdentifier>
    </Filter>
    <Filter Include="enemy">
      <UniqueIdentifier>{87fddfbf-9b16-482c-8635-eb1598357845}</UniqueIdentifier>
    </Filter>
    <Filter Include="rander">
      <UniqueIdentifier>{a9b14ac2-f794-4b72-a454-c00737c45a93}</UniqueIdentifier>
    </Filter>
    <Filter Include="player">
      <UniqueIdentifier>{1db5fcc0-0e71-4f0c-b78b-5dee6e3053a7}</UniqueIdentifier>
    </Filter>
    <Filter Include="bullet\소스 파일">
      <UniqueIdentifier>{a093963b-5102-4018-b07b-da66ae534199}</UniqueIdentifier>
    </Filter>
    <Filter Include="core\소스 파일">
      <UniqueIdentifier>{cb7b592b-3d7a-4ed9-a62c-c403ce669639}</UniqueIdentifier>
    </Filter>
    <Filter Include="player\헤더 파일">
      <UniqueIdentifier>{47fa5146-0eab-4ee3-88ef-2b0500e3af17}</UniqueIdentifier>
    </Filter>
    <Filter Include="player\소스 파일">
      <UniqueIdentifier>{e1a27a19-2fab-486f-81f8-5ef649b3a3d9}</UniqueIdentifier>
    </Filter>
    <Filter Include="rander\헤더 파일">
      <UniqueIdentifier>{4f2b6439-6b12-4643-b412-2d34479b8360}</UniqueIdentifier>
    </Filter>
    <Filter Include="rander\소스 파일">
      <UniqueIdentifier>{fc6de7fd-7711-4704-a4f4-29c5bcafa881}</UniqueIdentifier>
    </Filter>
    <Filter Include="bullet\헤더 파일">
      <UniqueIdentifier>{c1ccfdf7-10c9-47c7-b7d3-33e9eb756012}</UniqueIdentifier>
    </Filter>
    <Filter Include="core\헤더 파일">
      <UniqueIdentifier>{7c47b988-4907-4ebf-a93d-345316ce1b81}</UniqueIdentifier>
    </Filter>
    <Filter Include="enemy\소스 파일">
      <UniqueIdentifier>{2105f07b-40fe-485d-9609-14f49e01d0f3}</UniqueIdentifier>
    </Filter>
    <Filter Include="enemy\헤더 파일">
      <UniqueIdentifier>{db303da9-83b4-4cfc-a960-301c8f2120ad}</UniqueIdentifier>
    </Filter>
    <Filter Include="map">
      <UniqueIdentifier>{63a8adea-4a8b-4675-a237-eacf3788f983}</UniqueIdentifier>
    </Filter>
    <Filter Include="map\헤더 파일">
      <UniqueIdentifier>{c5940ed9-e2c2-47a6-b175-3c62a197dc6b}</UniqueIdentifier>
    </Filter>
    <Filter Include="map\소스 파일">
      <UniqueIdentifier>{dd10ddd3-c163-4b05-a384-a6c7c6298a9f}</UniqueIdentifier>
    </Filter>
    <Filter Include="camera">
      <UniqueIdentifier>{e9627af1-eca2-4521-943e-0d623d2e2b7a}</UniqueIdentifier>
    </Filter>
    <Filter Include="camera\헤더 파일">
      <UniqueIdentifier>{c06f51ca-784c-4cbc-84c4-c08fd21571bc}</UniqueIdentifier>
    </Filter>
    <Filter Include="camera\소스 파일">
      <UniqueIdentifier>{2c8fba73-0068-4423-8256-aba5e4c79788}</UniqueIdentifier>
    </Filter>
  </ItemGroup>
  <ItemGroup>
    <ClCompile Include="bullet\bullet.c">
      <Filter>bullet\소스 파일</Filter>
    </ClCompile>
    <ClCompile Include="core\collision.c">
      <Filter>core\소스 파일</Filter>
    </ClCompile>
    <ClCompile Include="core\input.c">
      <Filter>core\소스 파일</Filter>
    </ClCompile>
    <ClCompile Include="enemy\boss.c">
      <Filter>enemy\소스 파일</Filter>
    </ClCompile>
    <ClCompile Include="enemy\enemy.c">
      <Filter>enemy\소스 파일</Filter>
    </ClCompile>
    <ClCompile Include="player\player.c">
      <Filter>player\소스 파일</Filter>
    </ClCompile>
    <ClCompile Include="main.c">
      <Filter>소스 파일</Filter>
    </ClCompile>
    <ClCompile Include="game.c">
      <Filter>소스 파일</Filter>
    </ClCompile>
    <ClCompile Include="map\map.c">
      <Filter>map\소스 파일</Filter>
    </ClCompile>
    <ClCompile Include="camera\camera.c">
      <Filter>camera\소스 파일</Filter>
    </ClCompile>
    <ClCompile Include="render\render.c">
      <Filter>rander\소스 파일</Filter>
    </ClCompile>
  </ItemGroup>
  <ItemGroup>
    <ClInclude Include="bullet\bullet.h">
      <Filter>bullet\헤더 파일</Filter>
    </ClInclude>
    <ClInclude Include="core\collision.h">
      <Filter>core\헤더 파일</Filter>
    </ClInclude>
    <ClInclude Include="core\input.h">
      <Filter>core\헤더 파일</Filter>
    </ClInclude>
    <ClInclude Include="core\object.h">
      <Filter>core\헤더 파일</Filter>
    </ClInclude>
    <ClInclude Include="enemy\boss.h">
      <Filter>enemy\헤더 파일</Filter>
    </ClInclude>
    <ClInclude Include="enemy\enemy.h">
      <Filter>enemy\헤더 파일</Filter>
    </ClInclude>
    <ClInclude Include="player\player.h">
      <Filter>player\헤더 파일</Filter>
    </ClInclude>
    <ClInclude Include="game.h">
      <Filter>헤더 파일</Filter>
    </ClInclude>
    <ClInclude Include="map\map.h">
      <Filter>map\헤더 파일</Filter>
    </ClInclude>
    <ClInclude Include="camera\camera.h">
      <Filter>camera\헤더 파일</Filter>
    </ClInclude>
    <ClInclude Include="core\config.h">
      <Filter>core\헤더 파일</Filter>
    </ClInclude>
    <ClInclude Include="render\render.h">
      <Filter>rander\헤더 파일</Filter>
    </ClInclude>
  </ItemGroup>
</Project>